
Microsoft Visual Studio Solution File, Format Version 12.00
# Visual Studio Version 17
VisualStudioVersion = 17.14.36518.9 d17.14
MinimumVisualStudioVersion = 10.0.40219.1
Project("{FAE04EC0-301F-11D3-BF4B-00C04F79EFBC}") = "Starboard.Host", "Starboard\Starboard.Host.csproj", "{A05B073C-A145-4F8F-8063-EEFDCB50F146}"
EndProject
Global
	GlobalSection(SolutionConfigurationPlatforms) = preSolution
		Debug|Any CPU = Debug|Any CPU
		Release|Any CPU = Release|Any CPU
	EndGlobalSection
	GlobalSection(ProjectConfigurationPlatforms) = postSolution
		{A05B073C-A145-4F8F-8063-EEFDCB50F146}.Debug|Any CPU.ActiveCfg = Debug|Any CPU
		{A05B073C-A145-4F8F-8063-EEFDCB50F146}.Debug|Any CPU.Build.0 = Debug|Any CPU
		{A05B073C-A145-4F8F-8063-EEFDCB50F146}.Release|Any CPU.ActiveCfg = Release|Any CPU
		{A05B073C-A145-4F8F-8063-EEFDCB50F146}.Release|Any CPU.Build.0 = Release|Any CPU
	EndGlobalSection
	GlobalSection(SolutionProperties) = preSolution
		HideSolutionNode = FALSE
	EndGlobalSection
	GlobalSection(ExtensibilityGlobals) = postSolution
		SolutionGuid = {8458F622-DFE4-4E40-B89C-1950E5F1F5A8}
	EndGlobalSection
EndGlobal
